
Microsoft Visual Studio Solution File, Format Version 12.00
# Visual Studio Version 17
VisualStudioVersion = 17.9.34622.214
MinimumVisualStudioVersion = 10.0.40219.1
Project("{FAE04EC0-301F-11D3-BF4B-00C04F79EFBC}") = "CarbonCreditSystem", "CarbonCreditSystem\CarbonCreditSystem.csproj", "{5E754F32-004F-484D-8E40-8C24B36DE0BD}"
EndProject
Project("{FAE04EC0-301F-11D3-BF4B-00C04F79EFBC}") = "OrderMatching", "OrderMatching\OrderMatching.csproj", "{8B899A9D-D250-45F5-88E0-3EAFBA7AE326}"
EndProject
Global
	GlobalSection(SolutionConfigurationPlatforms) = preSolution
		Debug|Any CPU = Debug|Any CPU
		Release|Any CPU = Release|Any CPU
	EndGlobalSection
	GlobalSection(ProjectConfigurationPlatforms) = postSolution
		{5E754F32-004F-484D-8E40-8C24B36DE0BD}.Debug|Any CPU.ActiveCfg = Debug|Any CPU
		{5E754F32-004F-484D-8E40-8C24B36DE0BD}.Debug|Any CPU.Build.0 = Debug|Any CPU
		{5E754F32-004F-484D-8E40-8C24B36DE0BD}.Release|Any CPU.ActiveCfg = Release|Any CPU
		{5E754F32-004F-484D-8E40-8C24B36DE0BD}.Release|Any CPU.Build.0 = Release|Any CPU
		{8B899A9D-D250-45F5-88E0-3EAFBA7AE326}.Debug|Any CPU.ActiveCfg = Debug|Any CPU
		{8B899A9D-D250-45F5-88E0-3EAFBA7AE326}.Debug|Any CPU.Build.0 = Debug|Any CPU
		{8B899A9D-D250-45F5-88E0-3EAFBA7AE326}.Release|Any CPU.ActiveCfg = Release|Any CPU
		{8B899A9D-D250-45F5-88E0-3EAFBA7AE326}.Release|Any CPU.Build.0 = Release|Any CPU
	EndGlobalSection
	GlobalSection(SolutionProperties) = preSolution
		HideSolutionNode = FALSE
	EndGlobalSection
	GlobalSection(ExtensibilityGlobals) = postSolution
		SolutionGuid = {AE43E8AF-879B-45BB-9571-8B2C225515A1}
	EndGlobalSection
EndGlobal
